// !$*UTF8*$!
{
	archiveVersion = 1;
	classes = {
	};
	objectVersion = 46;
	objects = {

/* Begin PBXBuildFile section */
		23908C6419AC1E04007549BB /* AppDelegate.swift in Sources */ = {isa = PBXBuildFile; fileRef = 23908C6319AC1E04007549BB /* AppDelegate.swift */; };
		23908C6619AC1E04007549BB /* ViewController.swift in Sources */ = {isa = PBXBuildFile; fileRef = 23908C6519AC1E04007549BB /* ViewController.swift */; };
		23908C6919AC1E04007549BB /* Main.storyboard in Resources */ = {isa = PBXBuildFile; fileRef = 23908C6719AC1E04007549BB /* Main.storyboard */; };
		23908C6B19AC1E04007549BB /* Images.xcassets in Resources */ = {isa = PBXBuildFile; fileRef = 23908C6A19AC1E04007549BB /* Images.xcassets */; };
		23908C7719AC1E04007549BB /* CalculatorTests.swift in Sources */ = {isa = PBXBuildFile; fileRef = 23908C7619AC1E04007549BB /* CalculatorTests.swift */; };
/* End PBXBuildFile section */

/* Begin PBXContainerItemProxy section */
		23908C7119AC1E04007549BB /* PBXContainerItemProxy */ = {
			isa = PBXContainerItemProxy;
			containerPortal = 23908C5619AC1E03007549BB /* Project object */;
			proxyType = 1;
			remoteGlobalIDString = 23908C5D19AC1E03007549BB;
			remoteInfo = Calculator;
		};
/* End PBXContainerItemProxy section */

/* Begin PBXFileReference section */
		23908C5E19AC1E03007549BB /* Calculator.app */ = {isa = PBXFileReference; explicitFileType = wrapper.application; includeInIndex = 0; path = Calculator.app; sourceTree = BUILT_PRODUCTS_DIR; };
		23908C6219AC1E03007549BB /* Info.plist */ = {isa = PBXFileReference; lastKnownFileType = text.plist.xml; path = Info.plist; sourceTree = "<group>"; };
		23908C6319AC1E04007549BB /* AppDelegate.swift */ = {isa = PBXFileReference; lastKnownFileType = sourcecode.swift; path = AppDelegate.swift; sourceTree = "<group>"; };
		23908C6519AC1E04007549BB /* ViewController.swift */ = {isa = PBXFileReference; lastKnownFileType = sourcecode.swift; path = ViewController.swift; sourceTree = "<group>"; };
		23908C6819AC1E04007549BB /* Base */ = {isa = PBXFileReference; lastKnownFileType = file.storyboard; name = Base; path = Base.lproj/Main.storyboard; sourceTree = "<group>"; };
		23908C6A19AC1E04007549BB /* Images.xcassets */ = {isa = PBXFileReference; lastKnownFileType = folder.assetcatalog; path = Images.xcassets; sourceTree = "<group>"; };
		23908C7019AC1E04007549BB /* CalculatorTests.xctest */ = {isa = PBXFileReference; explicitFileType = wrapper.cfbundle; includeInIndex = 0; path = CalculatorTests.xctest; sourceTree = BUILT_PRODUCTS_DIR; };
		23908C7519AC1E04007549BB /* Info.plist */ = {isa = PBXFileReference; lastKnownFileType = text.plist.xml; path = Info.plist; sourceTree = "<group>"; };
		23908C7619AC1E04007549BB /* CalculatorTests.swift */ = {isa = PBXFileReference; lastKnownFileType = sourcecode.swift; path = CalculatorTests.swift; sourceTree = "<group>"; };
/* End PBXFileReference section */

/* Begin PBXFrameworksBuildPhase section */
		23908C5B19AC1E03007549BB /* Frameworks */ = {
			isa = PBXFrameworksBuildPhase;
			buildActionMask = 2147483647;
			files = (
			);
			runOnlyForDeploymentPostprocessing = 0;
		};
		23908C6D19AC1E04007549BB /* Frameworks */ = {
			isa = PBXFrameworksBuildPhase;
			buildActionMask = 2147483647;
			files = (
			);
			runOnlyForDeploymentPostprocessing = 0;
		};
/* End PBXFrameworksBuildPhase section */

/* Begin PBXGroup section */
		23908C5519AC1E03007549BB = {
			isa = PBXGroup;
			children = (
				23908C6019AC1E03007549BB /* Calculator */,
				23908C7319AC1E04007549BB /* CalculatorTests */,
				23908C5F19AC1E03007549BB /* Products */,
			);
			sourceTree = "<group>";
		};
		23908C5F19AC1E03007549BB /* Products */ = {
			isa = PBXGroup;
			children = (
				23908C5E19AC1E03007549BB /* Calculator.app */,
				23908C7019AC1E04007549BB /* CalculatorTests.xctest */,
			);
			name = Products;
			sourceTree = "<group>";
		};
		23908C6019AC1E03007549BB /* Calculator */ = {
			isa = PBXGroup;
			children = (
				23908C6319AC1E04007549BB /* AppDelegate.swift */,
				23908C6519AC1E04007549BB /* ViewController.swift */,
				23908C6719AC1E04007549BB /* Main.storyboard */,
				23908C6A19AC1E04007549BB /* Images.xcassets */,
				23908C6119AC1E03007549BB /* Supporting Files */,
			);
			path = Calculator;
			sourceTree = "<group>";
		};
		23908C6119AC1E03007549BB /* Supporting Files */ = {
			isa = PBXGroup;
			children = (
				23908C6219AC1E03007549BB /* Info.plist */,
			);
			name = "Supporting Files";
			sourceTree = "<group>";
		};
		23908C7319AC1E04007549BB /* CalculatorTests */ = {
			isa = PBXGroup;
			children = (
				23908C7619AC1E04007549BB /* CalculatorTests.swift */,
				23908C7419AC1E04007549BB /* Supporting Files */,
			);
			path = CalculatorTests;
			sourceTree = "<group>";
		};
		23908C7419AC1E04007549BB /* Supporting Files */ = {
			isa = PBXGroup;
			children = (
				23908C7519AC1E04007549BB /* Info.plist */,
			);
			name = "Supporting Files";
			sourceTree = "<group>";
		};
/* End PBXGroup section */

/* Begin PBXNativeTarget section */
		23908C5D19AC1E03007549BB /* Calculator */ = {
			isa = PBXNativeTarget;
			buildConfigurationList = 23908C7A19AC1E04007549BB /* Build configuration list for PBXNativeTarget "Calculator" */;
			buildPhases = (
				23908C5A19AC1E03007549BB /* Sources */,
				23908C5B19AC1E03007549BB /* Frameworks */,
				23908C5C19AC1E03007549BB /* Resources */,
			);
			buildRules = (
			);
			dependencies = (
			);
			name = Calculator;
			productName = Calculator;
			productReference = 23908C5E19AC1E03007549BB /* Calculator.app */;
			productType = "com.apple.product-type.application";
		};
		23908C6F19AC1E04007549BB /* CalculatorTests */ = {
			isa = PBXNativeTarget;
			buildConfigurationList = 23908C7D19AC1E04007549BB /* Build configuration list for PBXNativeTarget "CalculatorTests" */;
			buildPhases = (
				23908C6C19AC1E04007549BB /* Sources */,
				23908C6D19AC1E04007549BB /* Frameworks */,
				23908C6E19AC1E04007549BB /* Resources */,
			);
			buildRules = (
			);
			dependencies = (
				23908C7219AC1E04007549BB /* PBXTargetDependency */,
			);
			name = CalculatorTests;
			productName = CalculatorTests;
			productReference = 23908C7019AC1E04007549BB /* CalculatorTests.xctest */;
			productType = "com.apple.product-type.bundle.unit-test";
		};
/* End PBXNativeTarget section */

/* Begin PBXProject section */
		23908C5619AC1E03007549BB /* Project object */ = {
			isa = PBXProject;
			attributes = {
				LastUpgradeCheck = 0600;
				ORGANIZATIONNAME = "Bluer Inc";
				TargetAttributes = {
					23908C5D19AC1E03007549BB = {
						CreatedOnToolsVersion = 6.0;
					};
					23908C6F19AC1E04007549BB = {
						CreatedOnToolsVersion = 6.0;
						TestTargetID = 23908C5D19AC1E03007549BB;
					};
				};
			};
			buildConfigurationList = 23908C5919AC1E03007549BB /* Build configuration list for PBXProject "Calculator" */;
			compatibilityVersion = "Xcode 3.2";
			developmentRegion = English;
			hasScannedForEncodings = 0;
			knownRegions = (
				en,
				Base,
			);
			mainGroup = 23908C5519AC1E03007549BB;
			productRefGroup = 23908C5F19AC1E03007549BB /* Products */;
			projectDirPath = "";
			projectRoot = "";
			targets = (
				23908C5D19AC1E03007549BB /* Calculator */,
				23908C6F19AC1E04007549BB /* CalculatorTests */,
			);
		};
/* End PBXProject section */

/* Begin PBXResourcesBuildPhase section */
		23908C5C19AC1E03007549BB /* Resources */ = {
			isa = PBXResourcesBuildPhase;
			buildActionMask = 2147483647;
			files = (
				23908C6919AC1E04007549BB /* Main.storyboard in Resources */,
				23908C6B19AC1E04007549BB /* Images.xcassets in Resources */,
			);
			runOnlyForDeploymentPostprocessing = 0;
		};
		23908C6E19AC1E04007549BB /* Resources */ = {
			isa = PBXResourcesBuildPhase;
			buildActionMask = 2147483647;
			files = (
			);
			runOnlyForDeploymentPostprocessing = 0;
		};
/* End PBXResourcesBuildPhase section */

/* Begin PBXSourcesBuildPhase section */
		23908C5A19AC1E03007549BB /* Sources */ = {
			isa = PBXSourcesBuildPhase;
			buildActionMask = 2147483647;
			files = (
				23908C6619AC1E04007549BB /* ViewController.swift in Sources */,
				23908C6419AC1E04007549BB /* AppDelegate.swift in Sources */,
			);
			runOnlyForDeploymentPostprocessing = 0;
		};
		23908C6C19AC1E04007549BB /* Sources */ = {
			isa = PBXSourcesBuildPhase;
			buildActionMask = 2147483647;
			files = (
				23908C7719AC1E04007549BB /* CalculatorTests.swift in Sources */,
			);
			runOnlyForDeploymentPostprocessing = 0;
		};
/* End PBXSourcesBuildPhase section */

/* Begin PBXTargetDependency section */
		23908C7219AC1E04007549BB /* PBXTargetDependency */ = {
			isa = PBXTargetDependency;
			target = 23908C5D19AC1E03007549BB /* Calculator */;
			targetProxy = 23908C7119AC1E04007549BB /* PBXContainerItemProxy */;
		};
/* End PBXTargetDependency section */

/* Begin PBXVariantGroup section */
		23908C6719AC1E04007549BB /* Main.storyboard */ = {
			isa = PBXVariantGroup;
			children = (
				23908C6819AC1E04007549BB /* Base */,
			);
			name = Main.storyboard;
			sourceTree = "<group>";
		};
/* End PBXVariantGroup section */

/* Begin XCBuildConfiguration section */
		23908C7819AC1E04007549BB /* Debug */ = {
			isa = XCBuildConfiguration;
			buildSettings = {
				ALWAYS_SEARCH_USER_PATHS = NO;
				CLANG_CXX_LANGUAGE_STANDARD = "gnu++0x";
				CLANG_CXX_LIBRARY = "libc++";
				CLANG_ENABLE_MODULES = YES;
				CLANG_ENABLE_OBJC_ARC = YES;
				CLANG_WARN_BOOL_CONVERSION = YES;
				CLANG_WARN_CONSTANT_CONVERSION = YES;
				CLANG_WARN_DIRECT_OBJC_ISA_USAGE = YES_ERROR;
				CLANG_WARN_EMPTY_BODY = YES;
				CLANG_WARN_ENUM_CONVERSION = YES;
				CLANG_WARN_INT_CONVERSION = YES;
				CLANG_WARN_OBJC_ROOT_CLASS = YES_ERROR;
				CLANG_WARN_UNREACHABLE_CODE = YES;
				CLANG_WARN__DUPLICATE_METHOD_MATCH = YES;
				"CODE_SIGN_IDENTITY[sdk=iphoneos*]" = "iPhone Developer";
				COPY_PHASE_STRIP = NO;
				ENABLE_STRICT_OBJC_MSGSEND = YES;
				GCC_C_LANGUAGE_STANDARD = gnu99;
				GCC_DYNAMIC_NO_PIC = NO;
				GCC_OPTIMIZATION_LEVEL = 0;
				GCC_PREPROCESSOR_DEFINITIONS = (
					"DEBUG=1",
					"$(inherited)",
				);
				GCC_SYMBOLS_PRIVATE_EXTERN = NO;
				GCC_WARN_64_TO_32_BIT_CONVERSION = YES;
				GCC_WARN_ABOUT_RETURN_TYPE = YES_ERROR;
				GCC_WARN_UNDECLARED_SELECTOR = YES;
				GCC_WARN_UNINITIALIZED_AUTOS = YES_AGGRESSIVE;
				GCC_WARN_UNUSED_FUNCTION = YES;
				GCC_WARN_UNUSED_VARIABLE = YES;
				IPHONEOS_DEPLOYMENT_TARGET = 8.0;
				MTL_ENABLE_DEBUG_INFO = YES;
				ONLY_ACTIVE_ARCH = YES;
				SDKROOT = iphoneos;
				SWIFT_OPTIMIZATION_LEVEL = "-Onone";
				TARGETED_DEVICE_FAMILY = "1,2";
			};
			name = Debug;
		};
		23908C7919AC1E04007549BB /* Release */ = {
			isa = XCBuildConfiguration;
			buildSettings = {
				ALWAYS_SEARCH_USER_PATHS = NO;
				CLANG_CXX_LANGUAGE_STANDARD = "gnu++0x";
				CLANG_CXX_LIBRARY = "libc++";
				CLANG_ENABLE_MODULES = YES;
				CLANG_ENABLE_OBJC_ARC = YES;
				CLANG_WARN_BOOL_CONVERSION = YES;
				CLANG_WARN_CONSTANT_CONVERSION = YES;
				CLANG_WARN_DIRECT_OBJC_ISA_USAGE = YES_ERROR;
				CLANG_WARN_EMPTY_BODY = YES;
				CLANG_WARN_ENUM_CONVERSION = YES;
				CLANG_WARN_INT_CONVERSION = YES;
				CLANG_WARN_OBJC_ROOT_CLASS = YES_ERROR;
				CLANG_WARN_UNREACHABLE_CODE = YES;
				CLANG_WARN__DUPLICATE_METHOD_MATCH = YES;
				"CODE_SIGN_IDENTITY[sdk=iphoneos*]" = "iPhone Developer";
				COPY_PHASE_STRIP = YES;
				ENABLE_NS_ASSERTIONS = NO;
				ENABLE_STRICT_OBJC_MSGSEND = YES;
				GCC_C_LANGUAGE_STANDARD = gnu99;
				GCC_WARN_64_TO_32_BIT_CONVERSION = YES;
				GCC_WARN_ABOUT_RETURN_TYPE = YES_ERROR;
				GCC_WARN_UNDECLARED_SELECTOR = YES;
				GCC_WARN_UNINITIALIZED_AUTOS = YES_AGGRESSIVE;
				GCC_WARN_UNUSED_FUNCTION = YES;
				GCC_WARN_UNUSED_VARIABLE = YES;
				IPHONEOS_DEPLOYMENT_TARGET = 8.0;
				MTL_ENABLE_DEBUG_INFO = NO;
				SDKROOT = iphoneos;
				TARGETED_DEVICE_FAMILY = "1,2";
				VALIDATE_PRODUCT = YES;
			};
			name = Release;
		};
		23908C7B19AC1E04007549BB /* Debug */ = {
			isa = XCBuildConfiguration;
			buildSettings = {
				ASSETCATALOG_COMPILER_APPICON_NAME = AppIcon;
				ASSETCATALOG_COMPILER_LAUNCHIMAGE_NAME = LaunchImage;
				INFOPLIST_FILE = Calculator/Info.plist;
				LD_RUNPATH_SEARCH_PATHS = "$(inherited) @executable_path/Frameworks";
				PRODUCT_NAME = "$(TARGET_NAME)";
			};
			name = Debug;
		};
		23908C7C19AC1E04007549BB /* Release */ = {
			isa = XCBuildConfiguration;
			buildSettings = {
				ASSETCATALOG_COMPILER_APPICON_NAME = AppIcon;
				ASSETCATALOG_COMPILER_LAUNCHIMAGE_NAME = LaunchImage;
				INFOPLIST_FILE = Calculator/Info.plist;
				LD_RUNPATH_SEARCH_PATHS = "$(inherited) @executable_path/Frameworks";
				PRODUCT_NAME = "$(TARGET_NAME)";
			};
			name = Release;
		};
		23908C7E19AC1E04007549BB /* Debug */ = {
			isa = XCBuildConfiguration;
			buildSettings = {
				BUNDLE_LOADER = "$(TEST_HOST)";
				FRAMEWORK_SEARCH_PATHS = (
					"$(SDKROOT)/Developer/Library/Frameworks",
					"$(inherited)",
				);
				GCC_PREPROCESSOR_DEFINITIONS = (
					"DEBUG=1",
					"$(inherited)",
				);
				INFOPLIST_FILE = CalculatorTests/Info.plist;
				LD_RUNPATH_SEARCH_PATHS = "$(inherited) @executable_path/Frameworks @loader_path/Frameworks";
				PRODUCT_NAME = "$(TARGET_NAME)";
				TEST_HOST = "$(BUILT_PRODUCTS_DIR)/Calculator.app/Calculator";
			};
			name = Debug;
		};
		23908C7F19AC1E04007549BB /* Release */ = {
			isa = XCBuildConfiguration;
			buildSettings = {
				BUNDLE_LOADER = "$(TEST_HOST)";
				FRAMEWORK_SEARCH_PATHS = (
					"$(SDKROOT)/Developer/Library/Frameworks",
					"$(inherited)",
				);
				INFOPLIST_FILE = CalculatorTests/Info.plist;
				LD_RUNPATH_SEARCH_PATHS = "$(inherited) @executable_path/Frameworks @loader_path/Frameworks";
				PRODUCT_NAME = "$(TARGET_NAME)";
				TEST_HOST = "$(BUILT_PRODUCTS_DIR)/Calculator.app/Calculator";
			};
			name = Release;
		};
/* End XCBuildConfiguration section */

/* Begin XCConfigurationList section */
		23908C5919AC1E03007549BB /* Build configuration list for PBXProject "Calculator" */ = {
			isa = XCConfigurationList;
			buildConfigurations = (
				23908C7819AC1E04007549BB /* Debug */,
				23908C7919AC1E04007549BB /* Release */,
			);
			defaultConfigurationIsVisible = 0;
			defaultConfigurationName = Release;
		};
		23908C7A19AC1E04007549BB /* Build configuration list for PBXNativeTarget "Calculator" */ = {
			isa = XCConfigurationList;
			buildConfigurations = (
				23908C7B19AC1E04007549BB /* Debug */,
				23908C7C19AC1E04007549BB /* Release */,
			);
			defaultConfigurationIsVisible = 0;
		};
		23908C7D19AC1E04007549BB /* Build configuration list for PBXNativeTarget "CalculatorTests" */ = {
			isa = XCConfigurationList;
			buildConfigurations = (
				23908C7E19AC1E04007549BB /* Debug */,
				23908C7F19AC1E04007549BB /* Release */,
			);
			defaultConfigurationIsVisible = 0;
		};
/* End XCConfigurationList section */
	};
	rootObject = 23908C5619AC1E03007549BB /* Project object */;
}
